
Microsoft Visual Studio Solution File, Format Version 12.00
Project("{FAE04EC0-301F-11D3-BF4B-00C04F79EFBC}") = "ConfigurationDiagnostics", "ConfigurationDiagnostics\ConfigurationDiagnostics.csproj", "{92FADB7D-29EE-44D5-BCD9-7DA059CDF009}"
EndProject
Project("{FAE04EC0-301F-11D3-BF4B-00C04F79EFBC}") = "TestHarness", "TestHarness\TestHarness.csproj", "{981216E5-B096-4E5B-BB42-A731DCEACD6D}"
EndProject
Global
	GlobalSection(SolutionConfigurationPlatforms) = preSolution
		Debug|Any CPU = Debug|Any CPU
		Debug|x64 = Debug|x64
		Debug|x86 = Debug|x86
		Release|Any CPU = Release|Any CPU
		Release|x64 = Release|x64
		Release|x86 = Release|x86
	EndGlobalSection
	GlobalSection(ProjectConfigurationPlatforms) = postSolution
		{92FADB7D-29EE-44D5-BCD9-7DA059CDF009}.Debug|Any CPU.ActiveCfg = Debug|Any CPU
		{92FADB7D-29EE-44D5-BCD9-7DA059CDF009}.Debug|Any CPU.Build.0 = Debug|Any CPU
		{92FADB7D-29EE-44D5-BCD9-7DA059CDF009}.Debug|x64.ActiveCfg = Debug|Any CPU
		{92FADB7D-29EE-44D5-BCD9-7DA059CDF009}.Debug|x64.Build.0 = Debug|Any CPU
		{92FADB7D-29EE-44D5-BCD9-7DA059CDF009}.Debug|x86.ActiveCfg = Debug|Any CPU
		{92FADB7D-29EE-44D5-BCD9-7DA059CDF009}.Debug|x86.Build.0 = Debug|Any CPU
		{92FADB7D-29EE-44D5-BCD9-7DA059CDF009}.Release|Any CPU.ActiveCfg = Release|Any CPU
		{92FADB7D-29EE-44D5-BCD9-7DA059CDF009}.Release|Any CPU.Build.0 = Release|Any CPU
		{92FADB7D-29EE-44D5-BCD9-7DA059CDF009}.Release|x64.ActiveCfg = Release|Any CPU
		{92FADB7D-29EE-44D5-BCD9-7DA059CDF009}.Release|x64.Build.0 = Release|Any CPU
		{92FADB7D-29EE-44D5-BCD9-7DA059CDF009}.Release|x86.ActiveCfg = Release|Any CPU
		{92FADB7D-29EE-44D5-BCD9-7DA059CDF009}.Release|x86.Build.0 = Release|Any CPU
		{981216E5-B096-4E5B-BB42-A731DCEACD6D}.Debug|Any CPU.ActiveCfg = Debug|Any CPU
		{981216E5-B096-4E5B-BB42-A731DCEACD6D}.Debug|Any CPU.Build.0 = Debug|Any CPU
		{981216E5-B096-4E5B-BB42-A731DCEACD6D}.Debug|x64.ActiveCfg = Debug|Any CPU
		{981216E5-B096-4E5B-BB42-A731DCEACD6D}.Debug|x64.Build.0 = Debug|Any CPU
		{981216E5-B096-4E5B-BB42-A731DCEACD6D}.Debug|x86.ActiveCfg = Debug|Any CPU
		{981216E5-B096-4E5B-BB42-A731DCEACD6D}.Debug|x86.Build.0 = Debug|Any CPU
		{981216E5-B096-4E5B-BB42-A731DCEACD6D}.Release|Any CPU.ActiveCfg = Release|Any CPU
		{981216E5-B096-4E5B-BB42-A731DCEACD6D}.Release|Any CPU.Build.0 = Release|Any CPU
		{981216E5-B096-4E5B-BB42-A731DCEACD6D}.Release|x64.ActiveCfg = Release|Any CPU
		{981216E5-B096-4E5B-BB42-A731DCEACD6D}.Release|x64.Build.0 = Release|Any CPU
		{981216E5-B096-4E5B-BB42-A731DCEACD6D}.Release|x86.ActiveCfg = Release|Any CPU
		{981216E5-B096-4E5B-BB42-A731DCEACD6D}.Release|x86.Build.0 = Release|Any CPU
	EndGlobalSection
	GlobalSection(SolutionProperties) = preSolution
		HideSolutionNode = FALSE
	EndGlobalSection
EndGlobal
